// !$*UTF8*$!
{
	archiveVersion = 1;
	classes = {
	};
	objectVersion = 55;
	objects = {

/* Begin PBXBuildFile section */
		9A8109662844CC59002E2D8B /* CaptureView.swift in Sources */ = {isa = PBXBuildFile; fileRef = 9A8109652844CC59002E2D8B /* CaptureView.swift */; };
		9A8109692844CD0D002E2D8B /* CVPixelBuffer+Normalization.swift in Sources */ = {isa = PBXBuildFile; fileRef = 9A8109682844CD0D002E2D8B /* CVPixelBuffer+Normalization.swift */; };
		9A81096C2844D5E0002E2D8B /* SnapKit in Frameworks */ = {isa = PBXBuildFile; productRef = 9A81096B2844D5E0002E2D8B /* SnapKit */; };
		9ACF6418283E5ACC005B94D3 /* VideoPreviewView.swift in Sources */ = {isa = PBXBuildFile; fileRef = 9ACF6417283E5ACC005B94D3 /* VideoPreviewView.swift */; };
		9AFD8B892833889000D0DDDB /* AppDelegate.swift in Sources */ = {isa = PBXBuildFile; fileRef = 9AFD8B882833889000D0DDDB /* AppDelegate.swift */; };
		9AFD8B8B2833889000D0DDDB /* SceneDelegate.swift in Sources */ = {isa = PBXBuildFile; fileRef = 9AFD8B8A2833889000D0DDDB /* SceneDelegate.swift */; };
		9AFD8B8D2833889000D0DDDB /* CaptureViewController.swift in Sources */ = {isa = PBXBuildFile; fileRef = 9AFD8B8C2833889000D0DDDB /* CaptureViewController.swift */; };
		9AFD8B922833889200D0DDDB /* Assets.xcassets in Resources */ = {isa = PBXBuildFile; fileRef = 9AFD8B912833889200D0DDDB /* Assets.xcassets */; };
		9AFD8B952833889200D0DDDB /* LaunchScreen.storyboard in Resources */ = {isa = PBXBuildFile; fileRef = 9AFD8B932833889200D0DDDB /* LaunchScreen.storyboard */; };
/* End PBXBuildFile section */

/* Begin PBXFileReference section */
		9A8109652844CC59002E2D8B /* CaptureView.swift */ = {isa = PBXFileReference; lastKnownFileType = sourcecode.swift; path = CaptureView.swift; sourceTree = "<group>"; };
		9A8109682844CD0D002E2D8B /* CVPixelBuffer+Normalization.swift */ = {isa = PBXFileReference; lastKnownFileType = sourcecode.swift; path = "CVPixelBuffer+Normalization.swift"; sourceTree = "<group>"; };
		9ACF6417283E5ACC005B94D3 /* VideoPreviewView.swift */ = {isa = PBXFileReference; lastKnownFileType = sourcecode.swift; path = VideoPreviewView.swift; sourceTree = "<group>"; };
		9AFD8B852833889000D0DDDB /* Depth.app */ = {isa = PBXFileReference; explicitFileType = wrapper.application; includeInIndex = 0; path = Depth.app; sourceTree = BUILT_PRODUCTS_DIR; };
		9AFD8B882833889000D0DDDB /* AppDelegate.swift */ = {isa = PBXFileReference; lastKnownFileType = sourcecode.swift; path = AppDelegate.swift; sourceTree = "<group>"; };
		9AFD8B8A2833889000D0DDDB /* SceneDelegate.swift */ = {isa = PBXFileReference; lastKnownFileType = sourcecode.swift; path = SceneDelegate.swift; sourceTree = "<group>"; };
		9AFD8B8C2833889000D0DDDB /* CaptureViewController.swift */ = {isa = PBXFileReference; lastKnownFileType = sourcecode.swift; path = CaptureViewController.swift; sourceTree = "<group>"; };
		9AFD8B912833889200D0DDDB /* Assets.xcassets */ = {isa = PBXFileReference; lastKnownFileType = folder.assetcatalog; path = Assets.xcassets; sourceTree = "<group>"; };
		9AFD8B942833889200D0DDDB /* Base */ = {isa = PBXFileReference; lastKnownFileType = file.storyboard; name = Base; path = Base.lproj/LaunchScreen.storyboard; sourceTree = "<group>"; };
		9AFD8B962833889200D0DDDB /* Info.plist */ = {isa = PBXFileReference; lastKnownFileType = text.plist.xml; path = Info.plist; sourceTree = "<group>"; };
/* End PBXFileReference section */

/* Begin PBXFrameworksBuildPhase section */
		9AFD8B822833889000D0DDDB /* Frameworks */ = {
			isa = PBXFrameworksBuildPhase;
			buildActionMask = 2147483647;
			files = (
				9A81096C2844D5E0002E2D8B /* SnapKit in Frameworks */,
			);
			runOnlyForDeploymentPostprocessing = 0;
		};
/* End PBXFrameworksBuildPhase section */

/* Begin PBXGroup section */
		9A8109642844CC4C002E2D8B /* Capture */ = {
			isa = PBXGroup;
			children = (
				9AFD8B8C2833889000D0DDDB /* CaptureViewController.swift */,
				9A8109652844CC59002E2D8B /* CaptureView.swift */,
				9ACF6417283E5ACC005B94D3 /* VideoPreviewView.swift */,
			);
			path = Capture;
			sourceTree = "<group>";
		};
		9A8109672844CD00002E2D8B /* Extensions */ = {
			isa = PBXGroup;
			children = (
				9A8109682844CD0D002E2D8B /* CVPixelBuffer+Normalization.swift */,
			);
			path = Extensions;
			sourceTree = "<group>";
		};
		9AFD8B7C2833889000D0DDDB = {
			isa = PBXGroup;
			children = (
				9AFD8B872833889000D0DDDB /* Depth */,
				9AFD8B862833889000D0DDDB /* Products */,
			);
			sourceTree = "<group>";
		};
		9AFD8B862833889000D0DDDB /* Products */ = {
			isa = PBXGroup;
			children = (
				9AFD8B852833889000D0DDDB /* Depth.app */,
			);
			name = Products;
			sourceTree = "<group>";
		};
		9AFD8B872833889000D0DDDB /* Depth */ = {
			isa = PBXGroup;
			children = (
				9A8109672844CD00002E2D8B /* Extensions */,
				9A8109642844CC4C002E2D8B /* Capture */,
				9AFD8B882833889000D0DDDB /* AppDelegate.swift */,
				9AFD8B8A2833889000D0DDDB /* SceneDelegate.swift */,
				9AFD8B912833889200D0DDDB /* Assets.xcassets */,
				9AFD8B932833889200D0DDDB /* LaunchScreen.storyboard */,
				9AFD8B962833889200D0DDDB /* Info.plist */,
			);
			path = Depth;
			sourceTree = "<group>";
		};
/* End PBXGroup section */

/* Begin PBXNativeTarget section */
		9AFD8B842833889000D0DDDB /* Depth */ = {
			isa = PBXNativeTarget;
			buildConfigurationList = 9AFD8B992833889200D0DDDB /* Build configuration list for PBXNativeTarget "Depth" */;
			buildPhases = (
				9AFD8B812833889000D0DDDB /* Sources */,
				9AFD8B822833889000D0DDDB /* Frameworks */,
				9AFD8B832833889000D0DDDB /* Resources */,
			);
			buildRules = (
			);
			dependencies = (
			);
			name = Depth;
			packageProductDependencies = (
				9A81096B2844D5E0002E2D8B /* SnapKit */,
			);
			productName = Depth;
			productReference = 9AFD8B852833889000D0DDDB /* Depth.app */;
			productType = "com.apple.product-type.application";
		};
/* End PBXNativeTarget section */

/* Begin PBXProject section */
		9AFD8B7D2833889000D0DDDB /* Project object */ = {
			isa = PBXProject;
			attributes = {
				BuildIndependentTargetsInParallel = 1;
				LastSwiftUpdateCheck = 1330;
				LastUpgradeCheck = 1330;
				TargetAttributes = {
					9AFD8B842833889000D0DDDB = {
						CreatedOnToolsVersion = 13.3.1;
					};
				};
			};
			buildConfigurationList = 9AFD8B802833889000D0DDDB /* Build configuration list for PBXProject "Depth" */;
			compatibilityVersion = "Xcode 13.0";
			developmentRegion = en;
			hasScannedForEncodings = 0;
			knownRegions = (
				en,
				Base,
			);
			mainGroup = 9AFD8B7C2833889000D0DDDB;
			packageReferences = (
				9A81096A2844D5E0002E2D8B /* XCRemoteSwiftPackageReference "SnapKit" */,
			);
			productRefGroup = 9AFD8B862833889000D0DDDB /* Products */;
			projectDirPath = "";
			projectRoot = "";
			targets = (
				9AFD8B842833889000D0DDDB /* Depth */,
			);
		};
/* End PBXProject section */

/* Begin PBXResourcesBuildPhase section */
		9AFD8B832833889000D0DDDB /* Resources */ = {
			isa = PBXResourcesBuildPhase;
			buildActionMask = 2147483647;
			files = (
				9AFD8B952833889200D0DDDB /* LaunchScreen.storyboard in Resources */,
				9AFD8B922833889200D0DDDB /* Assets.xcassets in Resources */,
			);
			runOnlyForDeploymentPostprocessing = 0;
		};
/* End PBXResourcesBuildPhase section */

/* Begin PBXSourcesBuildPhase section */
		9AFD8B812833889000D0DDDB /* Sources */ = {
			isa = PBXSourcesBuildPhase;
			buildActionMask = 2147483647;
			files = (
				9AFD8B8D2833889000D0DDDB /* CaptureViewController.swift in Sources */,
				9ACF6418283E5ACC005B94D3 /* VideoPreviewView.swift in Sources */,
				9A8109692844CD0D002E2D8B /* CVPixelBuffer+Normalization.swift in Sources */,
				9AFD8B892833889000D0DDDB /* AppDelegate.swift in Sources */,
				9AFD8B8B2833889000D0DDDB /* SceneDelegate.swift in Sources */,
				9A8109662844CC59002E2D8B /* CaptureView.swift in Sources */,
			);
			runOnlyForDeploymentPostprocessing = 0;
		};
/* End PBXSourcesBuildPhase section */

/* Begin PBXVariantGroup section */
		9AFD8B932833889200D0DDDB /* LaunchScreen.storyboard */ = {
			isa = PBXVariantGroup;
			children = (
				9AFD8B942833889200D0DDDB /* Base */,
			);
			name = LaunchScreen.storyboard;
			sourceTree = "<group>";
		};
/* End PBXVariantGroup section */

/* Begin XCBuildConfiguration section */
		9AFD8B972833889200D0DDDB /* Debug */ = {
			isa = XCBuildConfiguration;
			buildSettings = {
				ALWAYS_SEARCH_USER_PATHS = NO;
				CLANG_ANALYZER_NONNULL = YES;
				CLANG_ANALYZER_NUMBER_OBJECT_CONVERSION = YES_AGGRESSIVE;
				CLANG_CXX_LANGUAGE_STANDARD = "gnu++17";
				CLANG_ENABLE_MODULES = YES;
				CLANG_ENABLE_OBJC_ARC = YES;
				CLANG_ENABLE_OBJC_WEAK = YES;
				CLANG_WARN_BLOCK_CAPTURE_AUTORELEASING = YES;
				CLANG_WARN_BOOL_CONVERSION = YES;
				CLANG_WARN_COMMA = YES;
				CLANG_WARN_CONSTANT_CONVERSION = YES;
				CLANG_WARN_DEPRECATED_OBJC_IMPLEMENTATIONS = YES;
				CLANG_WARN_DIRECT_OBJC_ISA_USAGE = YES_ERROR;
				CLANG_WARN_DOCUMENTATION_COMMENTS = YES;
				CLANG_WARN_EMPTY_BODY = YES;
				CLANG_WARN_ENUM_CONVERSION = YES;
				CLANG_WARN_INFINITE_RECURSION = YES;
				CLANG_WARN_INT_CONVERSION = YES;
				CLANG_WARN_NON_LITERAL_NULL_CONVERSION = YES;
				CLANG_WARN_OBJC_IMPLICIT_RETAIN_SELF = YES;
				CLANG_WARN_OBJC_LITERAL_CONVERSION = YES;
				CLANG_WARN_OBJC_ROOT_CLASS = YES_ERROR;
				CLANG_WARN_QUOTED_INCLUDE_IN_FRAMEWORK_HEADER = YES;
				CLANG_WARN_RANGE_LOOP_ANALYSIS = YES;
				CLANG_WARN_STRICT_PROTOTYPES = YES;
				CLANG_WARN_SUSPICIOUS_MOVE = YES;
				CLANG_WARN_UNGUARDED_AVAILABILITY = YES_AGGRESSIVE;
				CLANG_WARN_UNREACHABLE_CODE = YES;
				CLANG_WARN__DUPLICATE_METHOD_MATCH = YES;
				COPY_PHASE_STRIP = NO;
				DEBUG_INFORMATION_FORMAT = dwarf;
				ENABLE_STRICT_OBJC_MSGSEND = YES;
				ENABLE_TESTABILITY = YES;
				GCC_C_LANGUAGE_STANDARD = gnu11;
				GCC_DYNAMIC_NO_PIC = NO;
				GCC_NO_COMMON_BLOCKS = YES;
				GCC_OPTIMIZATION_LEVEL = 0;
				GCC_PREPROCESSOR_DEFINITIONS = (
					"DEBUG=1",
					"$(inherited)",
				);
				GCC_WARN_64_TO_32_BIT_CONVERSION = YES;
				GCC_WARN_ABOUT_RETURN_TYPE = YES_ERROR;
				GCC_WARN_UNDECLARED_SELECTOR = YES;
				GCC_WARN_UNINITIALIZED_AUTOS = YES_AGGRESSIVE;
				GCC_WARN_UNUSED_FUNCTION = YES;
				GCC_WARN_UNUSED_VARIABLE = YES;
				IPHONEOS_DEPLOYMENT_TARGET = 15.4;
				MTL_ENABLE_DEBUG_INFO = INCLUDE_SOURCE;
				MTL_FAST_MATH = YES;
				ONLY_ACTIVE_ARCH = YES;
				SDKROOT = iphoneos;
				SWIFT_ACTIVE_COMPILATION_CONDITIONS = DEBUG;
				SWIFT_OPTIMIZATION_LEVEL = "-Onone";
			};
			name = Debug;
		};
		9AFD8B982833889200D0DDDB /* Release */ = {
			isa = XCBuildConfiguration;
			buildSettings = {
				ALWAYS_SEARCH_USER_PATHS = NO;
				CLANG_ANALYZER_NONNULL = YES;
				CLANG_ANALYZER_NUMBER_OBJECT_CONVERSION = YES_AGGRESSIVE;
				CLANG_CXX_LANGUAGE_STANDARD = "gnu++17";
				CLANG_ENABLE_MODULES = YES;
				CLANG_ENABLE_OBJC_ARC = YES;
				CLANG_ENABLE_OBJC_WEAK = YES;
				CLANG_WARN_BLOCK_CAPTURE_AUTORELEASING = YES;
				CLANG_WARN_BOOL_CONVERSION = YES;
				CLANG_WARN_COMMA = YES;
				CLANG_WARN_CONSTANT_CONVERSION = YES;
				CLANG_WARN_DEPRECATED_OBJC_IMPLEMENTATIONS = YES;
				CLANG_WARN_DIRECT_OBJC_ISA_USAGE = YES_ERROR;
				CLANG_WARN_DOCUMENTATION_COMMENTS = YES;
				CLANG_WARN_EMPTY_BODY = YES;
				CLANG_WARN_ENUM_CONVERSION = YES;
				CLANG_WARN_INFINITE_RECURSION = YES;
				CLANG_WARN_INT_CONVERSION = YES;
				CLANG_WARN_NON_LITERAL_NULL_CONVERSION = YES;
				CLANG_WARN_OBJC_IMPLICIT_RETAIN_SELF = YES;
				CLANG_WARN_OBJC_LITERAL_CONVERSION = YES;
				CLANG_WARN_OBJC_ROOT_CLASS = YES_ERROR;
				CLANG_WARN_QUOTED_INCLUDE_IN_FRAMEWORK_HEADER = YES;
				CLANG_WARN_RANGE_LOOP_ANALYSIS = YES;
				CLANG_WARN_STRICT_PROTOTYPES = YES;
				CLANG_WARN_SUSPICIOUS_MOVE = YES;
				CLANG_WARN_UNGUARDED_AVAILABILITY = YES_AGGRESSIVE;
				CLANG_WARN_UNREACHABLE_CODE = YES;
				CLANG_WARN__DUPLICATE_METHOD_MATCH = YES;
				COPY_PHASE_STRIP = NO;
				DEBUG_INFORMATION_FORMAT = "dwarf-with-dsym";
				ENABLE_NS_ASSERTIONS = NO;
				ENABLE_STRICT_OBJC_MSGSEND = YES;
				GCC_C_LANGUAGE_STANDARD = gnu11;
				GCC_NO_COMMON_BLOCKS = YES;
				GCC_WARN_64_TO_32_BIT_CONVERSION = YES;
				GCC_WARN_ABOUT_RETURN_TYPE = YES_ERROR;
				GCC_WARN_UNDECLARED_SELECTOR = YES;
				GCC_WARN_UNINITIALIZED_AUTOS = YES_AGGRESSIVE;
				GCC_WARN_UNUSED_FUNCTION = YES;
				GCC_WARN_UNUSED_VARIABLE = YES;
				IPHONEOS_DEPLOYMENT_TARGET = 15.4;
				MTL_ENABLE_DEBUG_INFO = NO;
				MTL_FAST_MATH = YES;
				SDKROOT = iphoneos;
				SWIFT_COMPILATION_MODE = wholemodule;
				SWIFT_OPTIMIZATION_LEVEL = "-O";
				VALIDATE_PRODUCT = YES;
			};
			name = Release;
		};
		9AFD8B9A2833889200D0DDDB /* Debug */ = {
			isa = XCBuildConfiguration;
			buildSettings = {
				ASSETCATALOG_COMPILER_APPICON_NAME = AppIcon;
				ASSETCATALOG_COMPILER_GLOBAL_ACCENT_COLOR_NAME = AccentColor;
				CODE_SIGN_STYLE = Automatic;
				CURRENT_PROJECT_VERSION = 1;
				DEVELOPMENT_TEAM = 2X583S7UQZ;
				GENERATE_INFOPLIST_FILE = YES;
				INFOPLIST_FILE = Depth/Info.plist;
				INFOPLIST_KEY_NSCameraUsageDescription = "Camera access";
				INFOPLIST_KEY_NSPhotoLibraryUsageDescription = "Photo access";
				INFOPLIST_KEY_UIApplicationSupportsIndirectInputEvents = YES;
				INFOPLIST_KEY_UILaunchStoryboardName = LaunchScreen;
				INFOPLIST_KEY_UISupportedInterfaceOrientations_iPad = "UIInterfaceOrientationPortrait UIInterfaceOrientationPortraitUpsideDown UIInterfaceOrientationLandscapeLeft UIInterfaceOrientationLandscapeRight";
				INFOPLIST_KEY_UISupportedInterfaceOrientations_iPhone = "UIInterfaceOrientationPortrait UIInterfaceOrientationLandscapeLeft UIInterfaceOrientationLandscapeRight";
				LD_RUNPATH_SEARCH_PATHS = (
					"$(inherited)",
					"@executable_path/Frameworks",
				);
				MARKETING_VERSION = 1.0;
				PRODUCT_BUNDLE_IDENTIFIER = l.Depth;
				PRODUCT_NAME = "$(TARGET_NAME)";
				SWIFT_EMIT_LOC_STRINGS = YES;
				SWIFT_VERSION = 5.0;
				TARGETED_DEVICE_FAMILY = "1,2";
			};
			name = Debug;
		};
		9AFD8B9B2833889200D0DDDB /* Release */ = {
			isa = XCBuildConfiguration;
			buildSettings = {
				ASSETCATALOG_COMPILER_APPICON_NAME = AppIcon;
				ASSETCATALOG_COMPILER_GLOBAL_ACCENT_COLOR_NAME = AccentColor;
				CODE_SIGN_STYLE = Automatic;
				CURRENT_PROJECT_VERSION = 1;
				DEVELOPMENT_TEAM = 2X583S7UQZ;
				GENERATE_INFOPLIST_FILE = YES;
				INFOPLIST_FILE = Depth/Info.plist;
				INFOPLIST_KEY_NSCameraUsageDescription = "Camera access";
				INFOPLIST_KEY_NSPhotoLibraryUsageDescription = "Photo access";
				INFOPLIST_KEY_UIApplicationSupportsIndirectInputEvents = YES;
				INFOPLIST_KEY_UILaunchStoryboardName = LaunchScreen;
				INFOPLIST_KEY_UISupportedInterfaceOrientations_iPad = "UIInterfaceOrientationPortrait UIInterfaceOrientationPortraitUpsideDown UIInterfaceOrientationLandscapeLeft UIInterfaceOrientationLandscapeRight";
				INFOPLIST_KEY_UISupportedInterfaceOrientations_iPhone = "UIInterfaceOrientationPortrait UIInterfaceOrientationLandscapeLeft UIInterfaceOrientationLandscapeRight";
				LD_RUNPATH_SEARCH_PATHS = (
					"$(inherited)",
					"@executable_path/Frameworks",
				);
				MARKETING_VERSION = 1.0;
				PRODUCT_BUNDLE_IDENTIFIER = l.Depth;
				PRODUCT_NAME = "$(TARGET_NAME)";
				SWIFT_EMIT_LOC_STRINGS = YES;
				SWIFT_VERSION = 5.0;
				TARGETED_DEVICE_FAMILY = "1,2";
			};
			name = Release;
		};
/* End XCBuildConfiguration section */

/* Begin XCConfigurationList section */
		9AFD8B802833889000D0DDDB /* Build configuration list for PBXProject "Depth" */ = {
			isa = XCConfigurationList;
			buildConfigurations = (
				9AFD8B972833889200D0DDDB /* Debug */,
				9AFD8B982833889200D0DDDB /* Release */,
			);
			defaultConfigurationIsVisible = 0;
			defaultConfigurationName = Release;
		};
		9AFD8B992833889200D0DDDB /* Build configuration list for PBXNativeTarget "Depth" */ = {
			isa = XCConfigurationList;
			buildConfigurations = (
				9AFD8B9A2833889200D0DDDB /* Debug */,
				9AFD8B9B2833889200D0DDDB /* Release */,
			);
			defaultConfigurationIsVisible = 0;
			defaultConfigurationName = Release;
		};
/* End XCConfigurationList section */

/* Begin XCRemoteSwiftPackageReference section */
		9A81096A2844D5E0002E2D8B /* XCRemoteSwiftPackageReference "SnapKit" */ = {
			isa = XCRemoteSwiftPackageReference;
			repositoryURL = "https://github.com/SnapKit/SnapKit.git";
			requirement = {
				branch = develop;
				kind = branch;
			};
		};
/* End XCRemoteSwiftPackageReference section */

/* Begin XCSwiftPackageProductDependency section */
		9A81096B2844D5E0002E2D8B /* SnapKit */ = {
			isa = XCSwiftPackageProductDependency;
			package = 9A81096A2844D5E0002E2D8B /* XCRemoteSwiftPackageReference "SnapKit" */;
			productName = SnapKit;
		};
/* End XCSwiftPackageProductDependency section */
	};
	rootObject = 9AFD8B7D2833889000D0DDDB /* Project object */;
}
